// !$*UTF8*$!
{
	archiveVersion = 1;
	classes = {
	};
	objectVersion = 46;
	objects = {

/* Begin PBXBuildFile section */
		006D720419952D00008149E2 /* AVFoundation.framework in Frameworks */ = {isa = PBXBuildFile; fileRef = 006D720219952D00008149E2 /* AVFoundation.framework */; };
		006D720519952D00008149E2 /* CoreMedia.framework in Frameworks */ = {isa = PBXBuildFile; fileRef = 006D720319952D00008149E2 /* CoreMedia.framework */; };
		0091D8F90E81B9330029341E /* OpenGL.framework in Frameworks */ = {isa = PBXBuildFile; fileRef = 0091D8F80E81B9330029341E /* OpenGL.framework */; };
		00B784B30FF439BC000DE1D7 /* Accelerate.framework in Frameworks */ = {isa = PBXBuildFile; fileRef = 00B784AF0FF439BC000DE1D7 /* Accelerate.framework */; };
		00B784B40FF439BC000DE1D7 /* AudioToolbox.framework in Frameworks */ = {isa = PBXBuildFile; fileRef = 00B784B00FF439BC000DE1D7 /* AudioToolbox.framework */; };
		00B784B50FF439BC000DE1D7 /* AudioUnit.framework in Frameworks */ = {isa = PBXBuildFile; fileRef = 00B784B10FF439BC000DE1D7 /* AudioUnit.framework */; };
		00B784B60FF439BC000DE1D7 /* CoreAudio.framework in Frameworks */ = {isa = PBXBuildFile; fileRef = 00B784B20FF439BC000DE1D7 /* CoreAudio.framework */; };
		00B9955A1B128DF400A5C623 /* IOKit.framework in Frameworks */ = {isa = PBXBuildFile; fileRef = 00B995581B128DF400A5C623 /* IOKit.framework */; };
		00B9955B1B128DF400A5C623 /* IOSurface.framework in Frameworks */ = {isa = PBXBuildFile; fileRef = 00B995591B128DF400A5C623 /* IOSurface.framework */; };
		290FFEE772B14FE9A72C4624 /* Syphon.framework in Frameworks */ = {isa = PBXBuildFile; fileRef = 2F7F3B1E04E842FB82B2EDFA /* Syphon.framework */; };
		2B2E8EE4FADA4DFF97F6C737 /* Client.mm in Sources */ = {isa = PBXBuildFile; fileRef = 3B7CB49125354E8C8D4D3F0E /* Client.mm */; };
		4D87AF85D165480595AB0391 /* Syphon.framework in CopyFiles */ = {isa = PBXBuildFile; fileRef = 2F7F3B1E04E842FB82B2EDFA /* Syphon.framework */; };
		5323E6B20EAFCA74003A9687 /* CoreVideo.framework in Frameworks */ = {isa = PBXBuildFile; fileRef = 5323E6B10EAFCA74003A9687 /* CoreVideo.framework */; };
		587C2EA64BE84DE2A15BCF95 /* CirculatorySysApp.cpp in Sources */ = {isa = PBXBuildFile; fileRef = 67FBD51CADD140E3A336F7DD /* CirculatorySysApp.cpp */; };
		5DDD361E6A814295860B1C48 /* SyphonNameboundClient.m in Sources */ = {isa = PBXBuildFile; fileRef = 7D681432641E4E168495C4C4 /* SyphonNameboundClient.m */; };
		8D11072F0486CEB800E47090 /* Cocoa.framework in Frameworks */ = {isa = PBXBuildFile; fileRef = 1058C7A1FEA54F0111CA2CBB /* Cocoa.framework */; };
		A9274CEA042F43C9858D247C /* Server.mm in Sources */ = {isa = PBXBuildFile; fileRef = 0A3D00710697447EB6E1B887 /* Server.mm */; };
		B9A7BE348ED84F86A1DA0009 /* ServerDirectory.mm in Sources */ = {isa = PBXBuildFile; fileRef = 91D6EC325D7444FFAC6310CA /* ServerDirectory.mm */; };
		BE2E0EA91E78918C00F8A479 /* Database.cpp in Sources */ = {isa = PBXBuildFile; fileRef = BE2E0EA71E78918C00F8A479 /* Database.cpp */; };
		BE3059691E9D5F2B00FD0D8D /* Render.cpp in Sources */ = {isa = PBXBuildFile; fileRef = BE3059671E9D5F2B00FD0D8D /* Render.cpp */; };
		BE3059741E9E64A500FD0D8D /* libbsoncxx.3.1.1.dylib in Frameworks */ = {isa = PBXBuildFile; fileRef = BE3059721E9E64A500FD0D8D /* libbsoncxx.3.1.1.dylib */; };
		BE3059751E9E64A500FD0D8D /* libmongocxx.3.1.1.dylib in Frameworks */ = {isa = PBXBuildFile; fileRef = BE3059731E9E64A500FD0D8D /* libmongocxx.3.1.1.dylib */; };
		BE30597C1E9EB82100FD0D8D /* Settings.cpp in Sources */ = {isa = PBXBuildFile; fileRef = BE30597A1E9EB82100FD0D8D /* Settings.cpp */; };
		BE45F8AB1E97F112008842D6 /* imgui_demo.cpp in Sources */ = {isa = PBXBuildFile; fileRef = BE45F8A61E97F112008842D6 /* imgui_demo.cpp */; };
		BE45F8AC1E97F112008842D6 /* imgui_draw.cpp in Sources */ = {isa = PBXBuildFile; fileRef = BE45F8A71E97F112008842D6 /* imgui_draw.cpp */; };
		BE45F8AD1E97F112008842D6 /* imgui.cpp in Sources */ = {isa = PBXBuildFile; fileRef = BE45F8A91E97F112008842D6 /* imgui.cpp */; };
		BE45F8B01E97F125008842D6 /* CinderImGui.cpp in Sources */ = {isa = PBXBuildFile; fileRef = BE45F8AF1E97F125008842D6 /* CinderImGui.cpp */; };
		BE795C211E74A25F00B4E69C /* Plane.cpp in Sources */ = {isa = PBXBuildFile; fileRef = BE795C1F1E74A25F00B4E69C /* Plane.cpp */; };
		BE795C241E74A27700B4E69C /* FAClient.cpp in Sources */ = {isa = PBXBuildFile; fileRef = BE795C221E74A27700B4E69C /* FAClient.cpp */; };
		BE91F9D21F046FEA0023B9F6 /* color_map.png in Resources */ = {isa = PBXBuildFile; fileRef = BE91F9D11F046FEA0023B9F6 /* color_map.png */; };
		BE91F9E51F04702B0023B9F6 /* blurFrag.glsl in Resources */ = {isa = PBXBuildFile; fileRef = BE91F9D31F04702B0023B9F6 /* blurFrag.glsl */; };
		BE91F9E61F04702B0023B9F6 /* blurVertex.glsl in Resources */ = {isa = PBXBuildFile; fileRef = BE91F9D41F04702B0023B9F6 /* blurVertex.glsl */; };
		BE91F9E71F04702B0023B9F6 /* color_map_1.png in Resources */ = {isa = PBXBuildFile; fileRef = BE91F9D51F04702B0023B9F6 /* color_map_1.png */; };
		BE91F9E81F04702B0023B9F6 /* color_map_3.png in Resources */ = {isa = PBXBuildFile; fileRef = BE91F9D61F04702B0023B9F6 /* color_map_3.png */; };
		BE91F9E91F04702B0023B9F6 /* color_map.png in Resources */ = {isa = PBXBuildFile; fileRef = BE91F9D71F04702B0023B9F6 /* color_map.png */; };
		BE91F9EA1F04702B0023B9F6 /* composeFrag.glsl in Resources */ = {isa = PBXBuildFile; fileRef = BE91F9D81F04702B0023B9F6 /* composeFrag.glsl */; };
		BE91F9EB1F04702B0023B9F6 /* composeVertex.glsl in Resources */ = {isa = PBXBuildFile; fileRef = BE91F9D91F04702B0023B9F6 /* composeVertex.glsl */; };
		BE91F9EC1F04702B0023B9F6 /* defaultFrag.glsl in Resources */ = {isa = PBXBuildFile; fileRef = BE91F9DA1F04702B0023B9F6 /* defaultFrag.glsl */; };
		BE91F9ED1F04702B0023B9F6 /* defaultVertex.glsl in Resources */ = {isa = PBXBuildFile; fileRef = BE91F9DB1F04702B0023B9F6 /* defaultVertex.glsl */; };
		BE91F9EE1F04702B0023B9F6 /* imgui.ini in Resources */ = {isa = PBXBuildFile; fileRef = BE91F9DC1F04702B0023B9F6 /* imgui.ini */; };
		BE91F9EF1F04702B0023B9F6 /* initcommand.cskey in Resources */ = {isa = PBXBuildFile; fileRef = BE91F9DD1F04702B0023B9F6 /* initcommand.cskey */; };
		BE91F9F01F04702B0023B9F6 /* map_color.jpg in Resources */ = {isa = PBXBuildFile; fileRef = BE91F9DE1F04702B0023B9F6 /* map_color.jpg */; };
		BE91F9F11F04702B0023B9F6 /* map_lat_long_2.jpg in Resources */ = {isa = PBXBuildFile; fileRef = BE91F9DF1F04702B0023B9F6 /* map_lat_long_2.jpg */; };
		BE91F9F21F04702B0023B9F6 /* map_lat_long.jpg in Resources */ = {isa = PBXBuildFile; fileRef = BE91F9E01F04702B0023B9F6 /* map_lat_long.jpg */; };
		BE91F9F41F04702B0023B9F6 /* map.jpg in Resources */ = {isa = PBXBuildFile; fileRef = BE91F9E21F04702B0023B9F6 /* map.jpg */; };
		BE91F9F51F04702B0023B9F6 /* out_main.json in Resources */ = {isa = PBXBuildFile; fileRef = BE91F9E31F04702B0023B9F6 /* out_main.json */; };
		BE91F9F61F04702B0023B9F6 /* out.json in Resources */ = {isa = PBXBuildFile; fileRef = BE91F9E41F04702B0023B9F6 /* out.json */; };
		BEBB8F541E992FC8003FFB3D /* CinderApp.icns in Resources */ = {isa = PBXBuildFile; fileRef = BCFB511C779C4995B173214E /* CinderApp.icns */; };
		BEE7DD081E9667E000AC9577 /* PlaneManager.cpp in Sources */ = {isa = PBXBuildFile; fileRef = BEE7DD061E9667E000AC9577 /* PlaneManager.cpp */; };
/* End PBXBuildFile section */

/* Begin PBXCopyFilesBuildPhase section */
		25DCC473FF0B4237AA38C472 /* CopyFiles */ = {
			isa = PBXCopyFilesBuildPhase;
			buildActionMask = 2147483647;
			dstPath = "";
			dstSubfolderSpec = 10;
			files = (
				4D87AF85D165480595AB0391 /* Syphon.framework in CopyFiles */,
			);
			runOnlyForDeploymentPostprocessing = 0;
		};
/* End PBXCopyFilesBuildPhase section */

/* Begin PBXFileReference section */
		006D720219952D00008149E2 /* AVFoundation.framework */ = {isa = PBXFileReference; lastKnownFileType = wrapper.framework; name = AVFoundation.framework; path = System/Library/Frameworks/AVFoundation.framework; sourceTree = SDKROOT; };
		006D720319952D00008149E2 /* CoreMedia.framework */ = {isa = PBXFileReference; lastKnownFileType = wrapper.framework; name = CoreMedia.framework; path = System/Library/Frameworks/CoreMedia.framework; sourceTree = SDKROOT; };
		0091D8F80E81B9330029341E /* OpenGL.framework */ = {isa = PBXFileReference; lastKnownFileType = wrapper.framework; name = OpenGL.framework; path = /System/Library/Frameworks/OpenGL.framework; sourceTree = "<absolute>"; };
		00B784AF0FF439BC000DE1D7 /* Accelerate.framework */ = {isa = PBXFileReference; lastKnownFileType = wrapper.framework; name = Accelerate.framework; path = System/Library/Frameworks/Accelerate.framework; sourceTree = SDKROOT; };
		00B784B00FF439BC000DE1D7 /* AudioToolbox.framework */ = {isa = PBXFileReference; lastKnownFileType = wrapper.framework; name = AudioToolbox.framework; path = System/Library/Frameworks/AudioToolbox.framework; sourceTree = SDKROOT; };
		00B784B10FF439BC000DE1D7 /* AudioUnit.framework */ = {isa = PBXFileReference; lastKnownFileType = wrapper.framework; name = AudioUnit.framework; path = System/Library/Frameworks/AudioUnit.framework; sourceTree = SDKROOT; };
		00B784B20FF439BC000DE1D7 /* CoreAudio.framework */ = {isa = PBXFileReference; lastKnownFileType = wrapper.framework; name = CoreAudio.framework; path = System/Library/Frameworks/CoreAudio.framework; sourceTree = SDKROOT; };
		00B995581B128DF400A5C623 /* IOKit.framework */ = {isa = PBXFileReference; lastKnownFileType = wrapper.framework; name = IOKit.framework; path = System/Library/Frameworks/IOKit.framework; sourceTree = SDKROOT; };
		00B995591B128DF400A5C623 /* IOSurface.framework */ = {isa = PBXFileReference; lastKnownFileType = wrapper.framework; name = IOSurface.framework; path = System/Library/Frameworks/IOSurface.framework; sourceTree = SDKROOT; };
		0A3D00710697447EB6E1B887 /* Server.mm */ = {isa = PBXFileReference; lastKnownFileType = sourcecode.cpp.objcpp; name = Server.mm; path = "../../../../../Dev/cpp/Cinder/blocks/Cinder-Syphon/src/Server.mm"; sourceTree = "<group>"; };
		1058C7A1FEA54F0111CA2CBB /* Cocoa.framework */ = {isa = PBXFileReference; lastKnownFileType = wrapper.framework; name = Cocoa.framework; path = /System/Library/Frameworks/Cocoa.framework; sourceTree = "<absolute>"; };
		29B97324FDCFA39411CA2CEA /* AppKit.framework */ = {isa = PBXFileReference; lastKnownFileType = wrapper.framework; name = AppKit.framework; path = /System/Library/Frameworks/AppKit.framework; sourceTree = "<absolute>"; };
		29B97325FDCFA39411CA2CEA /* Foundation.framework */ = {isa = PBXFileReference; lastKnownFileType = wrapper.framework; name = Foundation.framework; path = /System/Library/Frameworks/Foundation.framework; sourceTree = "<absolute>"; };
		2F7F3B1E04E842FB82B2EDFA /* Syphon.framework */ = {isa = PBXFileReference; lastKnownFileType = wrapper.framework; name = Syphon.framework; path = "../../../../../Dev/cpp/Cinder/blocks/Cinder-Syphon/lib/Syphon.framework"; sourceTree = "<group>"; };
		3B7CB49125354E8C8D4D3F0E /* Client.mm */ = {isa = PBXFileReference; lastKnownFileType = sourcecode.cpp.objcpp; name = Client.mm; path = "../../../../../Dev/cpp/Cinder/blocks/Cinder-Syphon/src/Client.mm"; sourceTree = "<group>"; };
		4327438ED0C1494C9CBA0A96 /* Client.h */ = {isa = PBXFileReference; lastKnownFileType = sourcecode.c.h; name = Client.h; path = "../../../../../Dev/cpp/Cinder/blocks/Cinder-Syphon/src/Client.h"; sourceTree = "<group>"; };
		5239A1501DE44282AB771F76 /* Info.plist */ = {isa = PBXFileReference; lastKnownFileType = text.plist.xml; path = Info.plist; sourceTree = "<group>"; };
		5323E6B10EAFCA74003A9687 /* CoreVideo.framework */ = {isa = PBXFileReference; lastKnownFileType = wrapper.framework; name = CoreVideo.framework; path = /System/Library/Frameworks/CoreVideo.framework; sourceTree = "<absolute>"; };
		67FBD51CADD140E3A336F7DD /* CirculatorySysApp.cpp */ = {isa = PBXFileReference; lastKnownFileType = sourcecode.c.cpp; name = CirculatorySysApp.cpp; path = ../src/CirculatorySysApp.cpp; sourceTree = "<group>"; };
		7D681432641E4E168495C4C4 /* SyphonNameboundClient.m */ = {isa = PBXFileReference; lastKnownFileType = "\"\""; name = SyphonNameboundClient.m; path = "../../../../../Dev/cpp/Cinder/blocks/Cinder-Syphon/lib/SyphonNameboundClient.m"; sourceTree = "<group>"; };
		8D1107320486CEB800E47090 /* CirculatorySys.app */ = {isa = PBXFileReference; explicitFileType = wrapper.application; includeInIndex = 0; path = CirculatorySys.app; sourceTree = BUILT_PRODUCTS_DIR; };
		901EDF35A6984E40AB2CE6CE /* Syphon.h */ = {isa = PBXFileReference; lastKnownFileType = sourcecode.c.h; name = Syphon.h; path = "../../../../../Dev/cpp/Cinder/blocks/Cinder-Syphon/src/Syphon.h"; sourceTree = "<group>"; };
		91D6EC325D7444FFAC6310CA /* ServerDirectory.mm */ = {isa = PBXFileReference; lastKnownFileType = sourcecode.cpp.objcpp; name = ServerDirectory.mm; path = "../../../../../Dev/cpp/Cinder/blocks/Cinder-Syphon/src/ServerDirectory.mm"; sourceTree = "<group>"; };
		A60D0908461642C38E0A2C5A /* Resources.h */ = {isa = PBXFileReference; lastKnownFileType = sourcecode.c.h; name = Resources.h; path = ../include/Resources.h; sourceTree = "<group>"; };
		AE3A496957CB44B3B47E6A54 /* Server.h */ = {isa = PBXFileReference; lastKnownFileType = sourcecode.c.h; name = Server.h; path = "../../../../../Dev/cpp/Cinder/blocks/Cinder-Syphon/src/Server.h"; sourceTree = "<group>"; };
		BA825C2658E54DEA9EEC8A35 /* CirculatorySys_Prefix.pch */ = {isa = PBXFileReference; lastKnownFileType = "\"\""; path = CirculatorySys_Prefix.pch; sourceTree = "<group>"; };
		BCFB511C779C4995B173214E /* CinderApp.icns */ = {isa = PBXFileReference; lastKnownFileType = image.icns; name = CinderApp.icns; path = ../resources/CinderApp.icns; sourceTree = "<group>"; };
		BE2E0EA71E78918C00F8A479 /* Database.cpp */ = {isa = PBXFileReference; fileEncoding = 4; lastKnownFileType = sourcecode.cpp.cpp; name = Database.cpp; path = ../src/Database.cpp; sourceTree = "<group>"; };
		BE2E0EA81E78918C00F8A479 /* Database.hpp */ = {isa = PBXFileReference; fileEncoding = 4; lastKnownFileType = sourcecode.cpp.h; name = Database.hpp; path = ../src/Database.hpp; sourceTree = "<group>"; };
		BE3059671E9D5F2B00FD0D8D /* Render.cpp */ = {isa = PBXFileReference; fileEncoding = 4; lastKnownFileType = sourcecode.cpp.cpp; name = Render.cpp; path = ../src/Render.cpp; sourceTree = "<group>"; };
		BE3059681E9D5F2B00FD0D8D /* Render.hpp */ = {isa = PBXFileReference; fileEncoding = 4; lastKnownFileType = sourcecode.cpp.h; name = Render.hpp; path = ../src/Render.hpp; sourceTree = "<group>"; };
		BE3059721E9E64A500FD0D8D /* libbsoncxx.3.1.1.dylib */ = {isa = PBXFileReference; lastKnownFileType = "compiled.mach-o.dylib"; name = libbsoncxx.3.1.1.dylib; path = "../../../../../../../../usr/local/Cellar/mongo-cxx-driver/3.1.1/lib/libbsoncxx.3.1.1.dylib"; sourceTree = "<group>"; };
		BE3059731E9E64A500FD0D8D /* libmongocxx.3.1.1.dylib */ = {isa = PBXFileReference; lastKnownFileType = "compiled.mach-o.dylib"; name = libmongocxx.3.1.1.dylib; path = "../../../../../../../../usr/local/Cellar/mongo-cxx-driver/3.1.1/lib/libmongocxx.3.1.1.dylib"; sourceTree = "<group>"; };
		BE30597A1E9EB82100FD0D8D /* Settings.cpp */ = {isa = PBXFileReference; fileEncoding = 4; lastKnownFileType = sourcecode.cpp.cpp; name = Settings.cpp; path = ../src/Settings.cpp; sourceTree = "<group>"; };
		BE30597B1E9EB82100FD0D8D /* Settings.hpp */ = {isa = PBXFileReference; fileEncoding = 4; lastKnownFileType = sourcecode.cpp.h; name = Settings.hpp; path = ../src/Settings.hpp; sourceTree = "<group>"; };
		BE45F8A21E97F0D0008842D6 /* CinderImGui.h */ = {isa = PBXFileReference; fileEncoding = 4; lastKnownFileType = sourcecode.c.h; path = CinderImGui.h; sourceTree = "<group>"; };
		BE45F8A51E97F112008842D6 /* imconfig.h */ = {isa = PBXFileReference; fileEncoding = 4; lastKnownFileType = sourcecode.c.h; name = imconfig.h; path = "../../../../../Dev/cpp/Cinder/blocks/Cinder-ImGui/lib/imgui/imconfig.h"; sourceTree = "<group>"; };
		BE45F8A61E97F112008842D6 /* imgui_demo.cpp */ = {isa = PBXFileReference; fileEncoding = 4; lastKnownFileType = sourcecode.cpp.cpp; name = imgui_demo.cpp; path = "../../../../../Dev/cpp/Cinder/blocks/Cinder-ImGui/lib/imgui/imgui_demo.cpp"; sourceTree = "<group>"; };
		BE45F8A71E97F112008842D6 /* imgui_draw.cpp */ = {isa = PBXFileReference; fileEncoding = 4; lastKnownFileType = sourcecode.cpp.cpp; name = imgui_draw.cpp; path = "../../../../../Dev/cpp/Cinder/blocks/Cinder-ImGui/lib/imgui/imgui_draw.cpp"; sourceTree = "<group>"; };
		BE45F8A81E97F112008842D6 /* imgui_internal.h */ = {isa = PBXFileReference; fileEncoding = 4; lastKnownFileType = sourcecode.c.h; name = imgui_internal.h; path = "../../../../../Dev/cpp/Cinder/blocks/Cinder-ImGui/lib/imgui/imgui_internal.h"; sourceTree = "<group>"; };
		BE45F8A91E97F112008842D6 /* imgui.cpp */ = {isa = PBXFileReference; fileEncoding = 4; lastKnownFileType = sourcecode.cpp.cpp; name = imgui.cpp; path = "../../../../../Dev/cpp/Cinder/blocks/Cinder-ImGui/lib/imgui/imgui.cpp"; sourceTree = "<group>"; };
		BE45F8AA1E97F112008842D6 /* imgui.h */ = {isa = PBXFileReference; fileEncoding = 4; lastKnownFileType = sourcecode.c.h; name = imgui.h; path = "../../../../../Dev/cpp/Cinder/blocks/Cinder-ImGui/lib/imgui/imgui.h"; sourceTree = "<group>"; };
		BE45F8AF1E97F125008842D6 /* CinderImGui.cpp */ = {isa = PBXFileReference; fileEncoding = 4; lastKnownFileType = sourcecode.cpp.cpp; name = CinderImGui.cpp; path = "../../../../../Dev/cpp/Cinder/blocks/Cinder-ImGui/src/CinderImGui.cpp"; sourceTree = "<group>"; };
		BE45F8B31E983AFA008842D6 /* CinderCereal.h */ = {isa = PBXFileReference; lastKnownFileType = sourcecode.c.h; name = CinderCereal.h; path = "../../../../../Dev/cpp/Cinder/blocks/Cinder-Cereal/include/CinderCereal.h"; sourceTree = "<group>"; };
		BE795C1F1E74A25F00B4E69C /* Plane.cpp */ = {isa = PBXFileReference; fileEncoding = 4; lastKnownFileType = sourcecode.cpp.cpp; name = Plane.cpp; path = ../src/Plane.cpp; sourceTree = "<group>"; };
		BE795C201E74A25F00B4E69C /* Plane.hpp */ = {isa = PBXFileReference; fileEncoding = 4; lastKnownFileType = sourcecode.cpp.h; name = Plane.hpp; path = ../src/Plane.hpp; sourceTree = "<group>"; };
		BE795C221E74A27700B4E69C /* FAClient.cpp */ = {isa = PBXFileReference; fileEncoding = 4; lastKnownFileType = sourcecode.cpp.cpp; name = FAClient.cpp; path = ../src/FAClient.cpp; sourceTree = "<group>"; };
		BE795C231E74A27700B4E69C /* FAClient.hpp */ = {isa = PBXFileReference; fileEncoding = 4; lastKnownFileType = sourcecode.cpp.h; name = FAClient.hpp; path = ../src/FAClient.hpp; sourceTree = "<group>"; };
		BE91F9D11F046FEA0023B9F6 /* color_map.png */ = {isa = PBXFileReference; lastKnownFileType = image.png; name = color_map.png; path = ../resources/color_map.png; sourceTree = "<group>"; };
		BE91F9D31F04702B0023B9F6 /* blurFrag.glsl */ = {isa = PBXFileReference; fileEncoding = 4; lastKnownFileType = text; name = blurFrag.glsl; path = ../resources/blurFrag.glsl; sourceTree = "<group>"; };
		BE91F9D41F04702B0023B9F6 /* blurVertex.glsl */ = {isa = PBXFileReference; fileEncoding = 4; lastKnownFileType = text; name = blurVertex.glsl; path = ../resources/blurVertex.glsl; sourceTree = "<group>"; };
		BE91F9D51F04702B0023B9F6 /* color_map_1.png */ = {isa = PBXFileReference; lastKnownFileType = image.png; name = color_map_1.png; path = ../resources/color_map_1.png; sourceTree = "<group>"; };
		BE91F9D61F04702B0023B9F6 /* color_map_3.png */ = {isa = PBXFileReference; lastKnownFileType = image.png; name = color_map_3.png; path = ../resources/color_map_3.png; sourceTree = "<group>"; };
		BE91F9D71F04702B0023B9F6 /* color_map.png */ = {isa = PBXFileReference; lastKnownFileType = image.png; name = color_map.png; path = ../resources/color_map.png; sourceTree = "<group>"; };
		BE91F9D81F04702B0023B9F6 /* composeFrag.glsl */ = {isa = PBXFileReference; fileEncoding = 4; lastKnownFileType = text; name = composeFrag.glsl; path = ../resources/composeFrag.glsl; sourceTree = "<group>"; };
		BE91F9D91F04702B0023B9F6 /* composeVertex.glsl */ = {isa = PBXFileReference; fileEncoding = 4; lastKnownFileType = text; name = composeVertex.glsl; path = ../resources/composeVertex.glsl; sourceTree = "<group>"; };
		BE91F9DA1F04702B0023B9F6 /* defaultFrag.glsl */ = {isa = PBXFileReference; fileEncoding = 4; lastKnownFileType = text; name = defaultFrag.glsl; path = ../resources/defaultFrag.glsl; sourceTree = "<group>"; };
		BE91F9DB1F04702B0023B9F6 /* defaultVertex.glsl */ = {isa = PBXFileReference; fileEncoding = 4; lastKnownFileType = text; name = defaultVertex.glsl; path = ../resources/defaultVertex.glsl; sourceTree = "<group>"; };
		BE91F9DC1F04702B0023B9F6 /* imgui.ini */ = {isa = PBXFileReference; fileEncoding = 4; lastKnownFileType = text; name = imgui.ini; path = ../resources/imgui.ini; sourceTree = "<group>"; };
		BE91F9DD1F04702B0023B9F6 /* initcommand.cskey */ = {isa = PBXFileReference; fileEncoding = 4; lastKnownFileType = text; name = initcommand.cskey; path = ../resources/initcommand.cskey; sourceTree = "<group>"; };
		BE91F9DE1F04702B0023B9F6 /* map_color.jpg */ = {isa = PBXFileReference; lastKnownFileType = image.jpeg; name = map_color.jpg; path = ../resources/map_color.jpg; sourceTree = "<group>"; };
		BE91F9DF1F04702B0023B9F6 /* map_lat_long_2.jpg */ = {isa = PBXFileReference; lastKnownFileType = image.jpeg; name = map_lat_long_2.jpg; path = ../resources/map_lat_long_2.jpg; sourceTree = "<group>"; };
		BE91F9E01F04702B0023B9F6 /* map_lat_long.jpg */ = {isa = PBXFileReference; lastKnownFileType = image.jpeg; name = map_lat_long.jpg; path = ../resources/map_lat_long.jpg; sourceTree = "<group>"; };
		BE91F9E21F04702B0023B9F6 /* map.jpg */ = {isa = PBXFileReference; lastKnownFileType = image.jpeg; name = map.jpg; path = ../resources/map.jpg; sourceTree = "<group>"; };
		BE91F9E31F04702B0023B9F6 /* out_main.json */ = {isa = PBXFileReference; fileEncoding = 4; lastKnownFileType = text.json; name = out_main.json; path = ../resources/out_main.json; sourceTree = "<group>"; };
		BE91F9E41F04702B0023B9F6 /* out.json */ = {isa = PBXFileReference; fileEncoding = 4; lastKnownFileType = text.json; name = out.json; path = ../resources/out.json; sourceTree = "<group>"; };
		BEC8F4FC1E81EB1D00A3B92E /* GeoUtils.h */ = {isa = PBXFileReference; fileEncoding = 4; lastKnownFileType = sourcecode.c.h; name = GeoUtils.h; path = ../src/GeoUtils.h; sourceTree = "<group>"; };
		BEE7DD061E9667E000AC9577 /* PlaneManager.cpp */ = {isa = PBXFileReference; fileEncoding = 4; lastKnownFileType = sourcecode.cpp.cpp; name = PlaneManager.cpp; path = ../src/PlaneManager.cpp; sourceTree = "<group>"; };
		BEE7DD071E9667E000AC9577 /* PlaneManager.hpp */ = {isa = PBXFileReference; fileEncoding = 4; lastKnownFileType = sourcecode.cpp.h; name = PlaneManager.hpp; path = ../src/PlaneManager.hpp; sourceTree = "<group>"; };
		C310D654E4414C52B7EB765A /* SyphonNameboundClient.h */ = {isa = PBXFileReference; lastKnownFileType = sourcecode.c.h; name = SyphonNameboundClient.h; path = "../../../../../Dev/cpp/Cinder/blocks/Cinder-Syphon/lib/SyphonNameboundClient.h"; sourceTree = "<group>"; };
		D39F5470A70247079C18BF8A /* ServerDirectory.h */ = {isa = PBXFileReference; lastKnownFileType = sourcecode.c.h; name = ServerDirectory.h; path = "../../../../../Dev/cpp/Cinder/blocks/Cinder-Syphon/src/ServerDirectory.h"; sourceTree = "<group>"; };
/* End PBXFileReference section */

/* Begin PBXFrameworksBuildPhase section */
		8D11072E0486CEB800E47090 /* Frameworks */ = {
			isa = PBXFrameworksBuildPhase;
			buildActionMask = 2147483647;
			files = (
				006D720419952D00008149E2 /* AVFoundation.framework in Frameworks */,
				006D720519952D00008149E2 /* CoreMedia.framework in Frameworks */,
				8D11072F0486CEB800E47090 /* Cocoa.framework in Frameworks */,
				0091D8F90E81B9330029341E /* OpenGL.framework in Frameworks */,
				5323E6B20EAFCA74003A9687 /* CoreVideo.framework in Frameworks */,
				00B784B30FF439BC000DE1D7 /* Accelerate.framework in Frameworks */,
				00B784B40FF439BC000DE1D7 /* AudioToolbox.framework in Frameworks */,
				00B784B50FF439BC000DE1D7 /* AudioUnit.framework in Frameworks */,
				00B784B60FF439BC000DE1D7 /* CoreAudio.framework in Frameworks */,
				00B9955A1B128DF400A5C623 /* IOKit.framework in Frameworks */,
				00B9955B1B128DF400A5C623 /* IOSurface.framework in Frameworks */,
				290FFEE772B14FE9A72C4624 /* Syphon.framework in Frameworks */,
				BE3059741E9E64A500FD0D8D /* libbsoncxx.3.1.1.dylib in Frameworks */,
				BE3059751E9E64A500FD0D8D /* libmongocxx.3.1.1.dylib in Frameworks */,
			);
			runOnlyForDeploymentPostprocessing = 0;
		};
/* End PBXFrameworksBuildPhase section */

/* Begin PBXGroup section */
		01B97315FEAEA392516A2CEA /* Blocks */ = {
			isa = PBXGroup;
			children = (
				BE45F8B11E983AAC008842D6 /* Cereal */,
				BE45F8A01E97F0B9008842D6 /* ciImgui */,
				AF379A79C54C411095EB92CD /* Syphon */,
			);
			name = Blocks;
			sourceTree = "<group>";
		};
		080E96DDFE201D6D7F000001 /* Source */ = {
			isa = PBXGroup;
			children = (
				67FBD51CADD140E3A336F7DD /* CirculatorySysApp.cpp */,
				BE795C221E74A27700B4E69C /* FAClient.cpp */,
				BE795C231E74A27700B4E69C /* FAClient.hpp */,
				BE795C201E74A25F00B4E69C /* Plane.hpp */,
				BE795C1F1E74A25F00B4E69C /* Plane.cpp */,
				BE2E0EA71E78918C00F8A479 /* Database.cpp */,
				BE2E0EA81E78918C00F8A479 /* Database.hpp */,
				BEC8F4FC1E81EB1D00A3B92E /* GeoUtils.h */,
				BEE7DD061E9667E000AC9577 /* PlaneManager.cpp */,
				BEE7DD071E9667E000AC9577 /* PlaneManager.hpp */,
				BE3059671E9D5F2B00FD0D8D /* Render.cpp */,
				BE3059681E9D5F2B00FD0D8D /* Render.hpp */,
				BE30597A1E9EB82100FD0D8D /* Settings.cpp */,
				BE30597B1E9EB82100FD0D8D /* Settings.hpp */,
			);
			name = Source;
			sourceTree = "<group>";
		};
		1058C7A0FEA54F0111CA2CBB /* Linked Frameworks */ = {
			isa = PBXGroup;
			children = (
				006D720219952D00008149E2 /* AVFoundation.framework */,
				006D720319952D00008149E2 /* CoreMedia.framework */,
				00B784AF0FF439BC000DE1D7 /* Accelerate.framework */,
				00B784B00FF439BC000DE1D7 /* AudioToolbox.framework */,
				00B784B10FF439BC000DE1D7 /* AudioUnit.framework */,
				00B784B20FF439BC000DE1D7 /* CoreAudio.framework */,
				5323E6B10EAFCA74003A9687 /* CoreVideo.framework */,
				0091D8F80E81B9330029341E /* OpenGL.framework */,
				1058C7A1FEA54F0111CA2CBB /* Cocoa.framework */,
				00B995581B128DF400A5C623 /* IOKit.framework */,
				00B995591B128DF400A5C623 /* IOSurface.framework */,
			);
			name = "Linked Frameworks";
			sourceTree = "<group>";
		};
		1058C7A2FEA54F0111CA2CBB /* Other Frameworks */ = {
			isa = PBXGroup;
			children = (
				29B97324FDCFA39411CA2CEA /* AppKit.framework */,
				29B97325FDCFA39411CA2CEA /* Foundation.framework */,
			);
			name = "Other Frameworks";
			sourceTree = "<group>";
		};
		19C28FACFE9D520D11CA2CBB /* Products */ = {
			isa = PBXGroup;
			children = (
				8D1107320486CEB800E47090 /* CirculatorySys.app */,
			);
			name = Products;
			sourceTree = "<group>";
		};
		1D6CDAD76D0147F994A75617 /* lib */ = {
			isa = PBXGroup;
			children = (
				C310D654E4414C52B7EB765A /* SyphonNameboundClient.h */,
				7D681432641E4E168495C4C4 /* SyphonNameboundClient.m */,
				2F7F3B1E04E842FB82B2EDFA /* Syphon.framework */,
			);
			name = lib;
			sourceTree = "<group>";
		};
		29B97314FDCFA39411CA2CEA /* CirculatorySys */ = {
			isa = PBXGroup;
			children = (
				01B97315FEAEA392516A2CEA /* Blocks */,
				29B97315FDCFA39411CA2CEA /* Headers */,
				080E96DDFE201D6D7F000001 /* Source */,
				29B97317FDCFA39411CA2CEA /* Resources */,
				29B97323FDCFA39411CA2CEA /* Frameworks */,
				19C28FACFE9D520D11CA2CBB /* Products */,
			);
			name = CirculatorySys;
			sourceTree = "<group>";
		};
		29B97315FDCFA39411CA2CEA /* Headers */ = {
			isa = PBXGroup;
			children = (
				A60D0908461642C38E0A2C5A /* Resources.h */,
				BA825C2658E54DEA9EEC8A35 /* CirculatorySys_Prefix.pch */,
			);
			name = Headers;
			sourceTree = "<group>";
		};
		29B97317FDCFA39411CA2CEA /* Resources */ = {
			isa = PBXGroup;
			children = (
				BE91F9D31F04702B0023B9F6 /* blurFrag.glsl */,
				BE91F9D41F04702B0023B9F6 /* blurVertex.glsl */,
				BE91F9D51F04702B0023B9F6 /* color_map_1.png */,
				BE91F9D61F04702B0023B9F6 /* color_map_3.png */,
				BE91F9D71F04702B0023B9F6 /* color_map.png */,
				BE91F9D81F04702B0023B9F6 /* composeFrag.glsl */,
				BE91F9D91F04702B0023B9F6 /* composeVertex.glsl */,
				BE91F9DA1F04702B0023B9F6 /* defaultFrag.glsl */,
				BE91F9DB1F04702B0023B9F6 /* defaultVertex.glsl */,
				BE91F9DC1F04702B0023B9F6 /* imgui.ini */,
				BE91F9DD1F04702B0023B9F6 /* initcommand.cskey */,
				BE91F9DE1F04702B0023B9F6 /* map_color.jpg */,
				BE91F9DF1F04702B0023B9F6 /* map_lat_long_2.jpg */,
				BE91F9E01F04702B0023B9F6 /* map_lat_long.jpg */,
				BE91F9E21F04702B0023B9F6 /* map.jpg */,
				BE91F9E31F04702B0023B9F6 /* out_main.json */,
				BE91F9E41F04702B0023B9F6 /* out.json */,
				BE91F9D11F046FEA0023B9F6 /* color_map.png */,
				BCFB511C779C4995B173214E /* CinderApp.icns */,
				5239A1501DE44282AB771F76 /* Info.plist */,
			);
			name = Resources;
			sourceTree = "<group>";
		};
		29B97323FDCFA39411CA2CEA /* Frameworks */ = {
			isa = PBXGroup;
			children = (
				BE3059721E9E64A500FD0D8D /* libbsoncxx.3.1.1.dylib */,
				BE3059731E9E64A500FD0D8D /* libmongocxx.3.1.1.dylib */,
				1058C7A0FEA54F0111CA2CBB /* Linked Frameworks */,
				1058C7A2FEA54F0111CA2CBB /* Other Frameworks */,
			);
			name = Frameworks;
			sourceTree = "<group>";
		};
		802F60F590F24910BEA0698C /* src */ = {
			isa = PBXGroup;
			children = (
				4327438ED0C1494C9CBA0A96 /* Client.h */,
				AE3A496957CB44B3B47E6A54 /* Server.h */,
				D39F5470A70247079C18BF8A /* ServerDirectory.h */,
				901EDF35A6984E40AB2CE6CE /* Syphon.h */,
				3B7CB49125354E8C8D4D3F0E /* Client.mm */,
				0A3D00710697447EB6E1B887 /* Server.mm */,
				91D6EC325D7444FFAC6310CA /* ServerDirectory.mm */,
			);
			name = src;
			sourceTree = "<group>";
		};
		AF379A79C54C411095EB92CD /* Syphon */ = {
			isa = PBXGroup;
			children = (
				802F60F590F24910BEA0698C /* src */,
				1D6CDAD76D0147F994A75617 /* lib */,
			);
			name = Syphon;
			sourceTree = "<group>";
		};
		BE45F8A01E97F0B9008842D6 /* ciImgui */ = {
			isa = PBXGroup;
			children = (
				BE45F8AE1E97F11B008842D6 /* src */,
				BE45F8A31E97F0EB008842D6 /* lib */,
				BE45F8A11E97F0D0008842D6 /* include */,
			);
			name = ciImgui;
			sourceTree = "<group>";
		};
		BE45F8A11E97F0D0008842D6 /* include */ = {
			isa = PBXGroup;
			children = (
				BE45F8A21E97F0D0008842D6 /* CinderImGui.h */,
			);
			name = include;
			path = "../../../../../Dev/cpp/Cinder/blocks/Cinder-ImGui/include";
			sourceTree = "<group>";
		};
		BE45F8A31E97F0EB008842D6 /* lib */ = {
			isa = PBXGroup;
			children = (
				BE45F8A41E97F0EF008842D6 /* imgui */,
			);
			name = lib;
			sourceTree = "<group>";
		};
		BE45F8A41E97F0EF008842D6 /* imgui */ = {
			isa = PBXGroup;
			children = (
				BE45F8A51E97F112008842D6 /* imconfig.h */,
				BE45F8A61E97F112008842D6 /* imgui_demo.cpp */,
				BE45F8A71E97F112008842D6 /* imgui_draw.cpp */,
				BE45F8A81E97F112008842D6 /* imgui_internal.h */,
				BE45F8A91E97F112008842D6 /* imgui.cpp */,
				BE45F8AA1E97F112008842D6 /* imgui.h */,
			);
			name = imgui;
			sourceTree = "<group>";
		};
		BE45F8AE1E97F11B008842D6 /* src */ = {
			isa = PBXGroup;
			children = (
				BE45F8AF1E97F125008842D6 /* CinderImGui.cpp */,
			);
			name = src;
			sourceTree = "<group>";
		};
		BE45F8B11E983AAC008842D6 /* Cereal */ = {
			isa = PBXGroup;
			children = (
				BE45F8B21E983AEC008842D6 /* include */,
			);
			name = Cereal;
			sourceTree = "<group>";
		};
		BE45F8B21E983AEC008842D6 /* include */ = {
			isa = PBXGroup;
			children = (
				BE45F8B31E983AFA008842D6 /* CinderCereal.h */,
			);
			name = include;
			sourceTree = "<group>";
		};
/* End PBXGroup section */

/* Begin PBXNativeTarget section */
		8D1107260486CEB800E47090 /* CirculatorySys */ = {
			isa = PBXNativeTarget;
			buildConfigurationList = C01FCF4A08A954540054247B /* Build configuration list for PBXNativeTarget "CirculatorySys" */;
			buildPhases = (
				8D11072C0486CEB800E47090 /* Sources */,
				8D1107290486CEB800E47090 /* Resources */,
				8D11072E0486CEB800E47090 /* Frameworks */,
				25DCC473FF0B4237AA38C472 /* CopyFiles */,
			);
			buildRules = (
			);
			dependencies = (
			);
			name = CirculatorySys;
			productInstallPath = "$(HOME)/Applications";
			productName = CirculatorySys;
			productReference = 8D1107320486CEB800E47090 /* CirculatorySys.app */;
			productType = "com.apple.product-type.application";
		};
/* End PBXNativeTarget section */

/* Begin PBXProject section */
		29B97313FDCFA39411CA2CEA /* Project object */ = {
			isa = PBXProject;
			attributes = {
			};
			buildConfigurationList = C01FCF4E08A954540054247B /* Build configuration list for PBXProject "CirculatorySys" */;
			compatibilityVersion = "Xcode 3.2";
			developmentRegion = English;
			hasScannedForEncodings = 1;
			knownRegions = (
				English,
				Japanese,
				French,
				German,
				Base,
			);
			mainGroup = 29B97314FDCFA39411CA2CEA /* CirculatorySys */;
			projectDirPath = "";
			projectRoot = "";
			targets = (
				8D1107260486CEB800E47090 /* CirculatorySys */,
			);
		};
/* End PBXProject section */

/* Begin PBXResourcesBuildPhase section */
		8D1107290486CEB800E47090 /* Resources */ = {
			isa = PBXResourcesBuildPhase;
			buildActionMask = 2147483647;
			files = (
				BE91F9E91F04702B0023B9F6 /* color_map.png in Resources */,
				BE91F9EC1F04702B0023B9F6 /* defaultFrag.glsl in Resources */,
				BE91F9F11F04702B0023B9F6 /* map_lat_long_2.jpg in Resources */,
				BE91F9F51F04702B0023B9F6 /* out_main.json in Resources */,
				BE91F9EE1F04702B0023B9F6 /* imgui.ini in Resources */,
				BE91F9EF1F04702B0023B9F6 /* initcommand.cskey in Resources */,
				BE91F9E51F04702B0023B9F6 /* blurFrag.glsl in Resources */,
				BE91F9D21F046FEA0023B9F6 /* color_map.png in Resources */,
				BE91F9F61F04702B0023B9F6 /* out.json in Resources */,
				BE91F9ED1F04702B0023B9F6 /* defaultVertex.glsl in Resources */,
				BE91F9E81F04702B0023B9F6 /* color_map_3.png in Resources */,
				BE91F9E61F04702B0023B9F6 /* blurVertex.glsl in Resources */,
				BEBB8F541E992FC8003FFB3D /* CinderApp.icns in Resources */,
				BE91F9F41F04702B0023B9F6 /* map.jpg in Resources */,
				BE91F9F01F04702B0023B9F6 /* map_color.jpg in Resources */,
				BE91F9F21F04702B0023B9F6 /* map_lat_long.jpg in Resources */,
				BE91F9EA1F04702B0023B9F6 /* composeFrag.glsl in Resources */,
				BE91F9EB1F04702B0023B9F6 /* composeVertex.glsl in Resources */,
				BE91F9E71F04702B0023B9F6 /* color_map_1.png in Resources */,
			);
			runOnlyForDeploymentPostprocessing = 0;
		};
/* End PBXResourcesBuildPhase section */

/* Begin PBXSourcesBuildPhase section */
		8D11072C0486CEB800E47090 /* Sources */ = {
			isa = PBXSourcesBuildPhase;
			buildActionMask = 2147483647;
			files = (
				587C2EA64BE84DE2A15BCF95 /* CirculatorySysApp.cpp in Sources */,
				BE795C211E74A25F00B4E69C /* Plane.cpp in Sources */,
				BE30597C1E9EB82100FD0D8D /* Settings.cpp in Sources */,
				2B2E8EE4FADA4DFF97F6C737 /* Client.mm in Sources */,
				BE795C241E74A27700B4E69C /* FAClient.cpp in Sources */,
				BE45F8B01E97F125008842D6 /* CinderImGui.cpp in Sources */,
				A9274CEA042F43C9858D247C /* Server.mm in Sources */,
				BE45F8AD1E97F112008842D6 /* imgui.cpp in Sources */,
				B9A7BE348ED84F86A1DA0009 /* ServerDirectory.mm in Sources */,
				BE45F8AC1E97F112008842D6 /* imgui_draw.cpp in Sources */,
				BEE7DD081E9667E000AC9577 /* PlaneManager.cpp in Sources */,
				BE2E0EA91E78918C00F8A479 /* Database.cpp in Sources */,
				BE45F8AB1E97F112008842D6 /* imgui_demo.cpp in Sources */,
				5DDD361E6A814295860B1C48 /* SyphonNameboundClient.m in Sources */,
				BE3059691E9D5F2B00FD0D8D /* Render.cpp in Sources */,
			);
			runOnlyForDeploymentPostprocessing = 0;
		};
/* End PBXSourcesBuildPhase section */

/* Begin XCBuildConfiguration section */
		C01FCF4B08A954540054247B /* Debug */ = {
			isa = XCBuildConfiguration;
			buildSettings = {
				COMBINE_HIDPI_IMAGES = YES;
				COPY_PHASE_STRIP = NO;
				DEAD_CODE_STRIPPING = YES;
				FRAMEWORK_SEARCH_PATHS = "\"../../../../../Dev/cpp/Cinder/blocks/Cinder-Syphon/lib\"";
				GCC_DYNAMIC_NO_PIC = NO;
				GCC_INLINES_ARE_PRIVATE_EXTERN = YES;
				GCC_OPTIMIZATION_LEVEL = 0;
				GCC_PRECOMPILE_PREFIX_HEADER = YES;
				GCC_PREFIX_HEADER = CirculatorySys_Prefix.pch;
				GCC_PREPROCESSOR_DEFINITIONS = (
					"DEBUG=1",
					"$(inherited)",
				);
				GCC_SYMBOLS_PRIVATE_EXTERN = NO;
				HEADER_SEARCH_PATHS = (
					"\"$(CINDER_PATH)/include\"",
					/usr/local/opt/openssl/include,
					"/usr/local/Cellar/mongo-cxx-driver/3.1.1/include/bsoncxx/v_noabi",
					"/usr/local/Cellar/mongo-cxx-driver/3.1.1/include/mongocxx/v_noabi",
					"\"../../../../../Dev/cpp/Cinder/blocks/Cinder-Cereal/lib/cereal/include/\"",
				);
				INFOPLIST_FILE = Info.plist;
				INSTALL_PATH = "$(HOME)/Applications";
				LIBRARY_SEARCH_PATHS = (
					"$(inherited)",
					/usr/local/lib,
					"$(PROJECT_DIR)",
					"/usr/local/Cellar/mongo-cxx-driver/3.1.1/lib",
				);
				OTHER_LDFLAGS = (
					"\"$(CINDER_PATH)/lib/macosx/Debug/libcinder.a\"",
					/usr/local/opt/openssl/lib/libssl.dylib,
					/usr/local/opt/openssl/lib/libcrypto.dylib,
				);
				PRODUCT_BUNDLE_IDENTIFIER = "org.libcinder.${PRODUCT_NAME:rfc1034identifier}";
				PRODUCT_NAME = CirculatorySys;
				SYMROOT = ./build;
				USER_HEADER_SEARCH_PATHS = "\"$(CINDER_PATH)/include\" ../include \"../../../../../Dev/cpp/Cinder/blocks/Cinder-ImGui/lib/imgui\" \"../../../../../Dev/cpp/Cinder/blocks/Cinder-ImGui/include\"";
				WRAPPER_EXTENSION = app;
			};
			name = Debug;
		};
		C01FCF4C08A954540054247B /* Release */ = {
			isa = XCBuildConfiguration;
			buildSettings = {
				COMBINE_HIDPI_IMAGES = YES;
				DEAD_CODE_STRIPPING = YES;
				DEBUG_INFORMATION_FORMAT = "dwarf-with-dsym";
				FRAMEWORK_SEARCH_PATHS = "\"../../../../../Dev/cpp/Cinder/blocks/Cinder-Syphon/lib\"";
				GCC_FAST_MATH = YES;
				GCC_GENERATE_DEBUGGING_SYMBOLS = NO;
				GCC_INLINES_ARE_PRIVATE_EXTERN = YES;
				GCC_OPTIMIZATION_LEVEL = 3;
				GCC_PRECOMPILE_PREFIX_HEADER = YES;
				GCC_PREFIX_HEADER = CirculatorySys_Prefix.pch;
				GCC_PREPROCESSOR_DEFINITIONS = (
					"NDEBUG=1",
					"$(inherited)",
				);
				GCC_SYMBOLS_PRIVATE_EXTERN = NO;
				HEADER_SEARCH_PATHS = (
					"\"$(CINDER_PATH)/include\"",
					/usr/local/opt/openssl/include,
					"/usr/local/Cellar/mongo-cxx-driver/3.1.1/include/bsoncxx/v_noabi",
					"/usr/local/Cellar/mongo-cxx-driver/3.1.1/include/mongocxx/v_noabi",
					"\"../../../../../Dev/cpp/Cinder/blocks/Cinder-Cereal/lib/cereal/include/\"",
				);
				INFOPLIST_FILE = Info.plist;
				INSTALL_PATH = "$(HOME)/Applications";
				LIBRARY_SEARCH_PATHS = (
					"$(inherited)",
					/usr/local/lib,
					"$(PROJECT_DIR)",
					"/usr/local/Cellar/mongo-cxx-driver/3.1.1/lib",
				);
				OTHER_LDFLAGS = (
					"\"$(CINDER_PATH)/lib/macosx/Release/libcinder.a\"",
					/usr/local/opt/openssl/lib/libssl.dylib,
					/usr/local/opt/openssl/lib/libcrypto.dylib,
				);
				PRODUCT_BUNDLE_IDENTIFIER = "org.libcinder.${PRODUCT_NAME:rfc1034identifier}";
				PRODUCT_NAME = CirculatorySys;
				STRIP_INSTALLED_PRODUCT = YES;
				SYMROOT = ./build;
				USER_HEADER_SEARCH_PATHS = "\"$(CINDER_PATH)/include\" ../include \"../../../../../Dev/cpp/Cinder/blocks/Cinder-ImGui/lib/imgui\" \"../../../../../Dev/cpp/Cinder/blocks/Cinder-ImGui/include\"";
				WRAPPER_EXTENSION = app;
			};
			name = Release;
		};
		C01FCF4F08A954540054247B /* Debug */ = {
			isa = XCBuildConfiguration;
			buildSettings = {
				ALWAYS_SEARCH_USER_PATHS = NO;
				CINDER_PATH = ../../../../../Dev/cpp/Cinder;
				CLANG_CXX_LANGUAGE_STANDARD = "c++11";
				CLANG_CXX_LIBRARY = "libc++";
				ENABLE_TESTABILITY = YES;
				GCC_WARN_ABOUT_RETURN_TYPE = YES;
				GCC_WARN_UNUSED_VARIABLE = YES;
				HEADER_SEARCH_PATHS = "\"$(CINDER_PATH)/include\"";
				MACOSX_DEPLOYMENT_TARGET = 10.8;
				ONLY_ACTIVE_ARCH = YES;
				SDKROOT = macosx;
				USER_HEADER_SEARCH_PATHS = "\"$(CINDER_PATH)/include\" ../include \"../../../../../Dev/cpp/Cinder/blocks/Cinder-ImGui/lib/imgui\" \"../../../../../Dev/cpp/Cinder/blocks/Cinder-ImGui/include\"";
			};
			name = Debug;
		};
		C01FCF5008A954540054247B /* Release */ = {
			isa = XCBuildConfiguration;
			buildSettings = {
				ALWAYS_SEARCH_USER_PATHS = NO;
				CINDER_PATH = ../../../../../Dev/cpp/Cinder;
				CLANG_CXX_LANGUAGE_STANDARD = "c++11";
				CLANG_CXX_LIBRARY = "libc++";
				GCC_WARN_ABOUT_RETURN_TYPE = YES;
				GCC_WARN_UNUSED_VARIABLE = YES;
				HEADER_SEARCH_PATHS = "\"$(CINDER_PATH)/include\"";
				MACOSX_DEPLOYMENT_TARGET = 10.8;
				SDKROOT = macosx;
				USER_HEADER_SEARCH_PATHS = "\"$(CINDER_PATH)/include\" ../include \"../../../../../Dev/cpp/Cinder/blocks/Cinder-ImGui/lib/imgui\" \"../../../../../Dev/cpp/Cinder/blocks/Cinder-ImGui/include\"";
			};
			name = Release;
		};
/* End XCBuildConfiguration section */

/* Begin XCConfigurationList section */
		C01FCF4A08A954540054247B /* Build configuration list for PBXNativeTarget "CirculatorySys" */ = {
			isa = XCConfigurationList;
			buildConfigurations = (
				C01FCF4B08A954540054247B /* Debug */,
				C01FCF4C08A954540054247B /* Release */,
			);
			defaultConfigurationIsVisible = 0;
			defaultConfigurationName = Release;
		};
		C01FCF4E08A954540054247B /* Build configuration list for PBXProject "CirculatorySys" */ = {
			isa = XCConfigurationList;
			buildConfigurations = (
				C01FCF4F08A954540054247B /* Debug */,
				C01FCF5008A954540054247B /* Release */,
			);
			defaultConfigurationIsVisible = 0;
			defaultConfigurationName = Release;
		};
/* End XCConfigurationList section */
	};
	rootObject = 29B97313FDCFA39411CA2CEA /* Project object */;
}
